PODS:
  - AcaiaSDK (1.5.0)

DEPENDENCIES:
  - AcaiaSDK (from `/Users/anmol/githubRepos/acaia_sdk_ios`)

EXTERNAL SOURCES:
  AcaiaSDK:
    :path: "/Users/anmol/githubRepos/acaia_sdk_ios"

SPEC CHECKSUMS:
  AcaiaSDK: c0fa155abf7a6d6b6cd9ff6e5881c37c8637bba1

PODFILE CHECKSUM: df673854b85ffd850d2fd72a0fd3cc32c875cfc5

COCOAPODS: 1.16.2
